
Microsoft Visual Studio Solution File, Format Version 12.00
# Visual Studio 15
VisualStudioVersion = 15.0.26403.3
MinimumVisualStudioVersion = 10.0.40219.1
Project("{F2A71F9B-5D33-465A-A702-920D77279786}") = "VimCommandParser", "VimCommandParser\VimCommandParser.fsproj", "{CBE4A068-C954-4F11-9002-1A4B5EAD1F7B}"
EndProject
Global
	GlobalSection(SolutionConfigurationPlatforms) = preSolution
		Debug|Any CPU = Debug|Any CPU
		Release|Any CPU = Release|Any CPU
	EndGlobalSection
	GlobalSection(ProjectConfigurationPlatforms) = postSolution
		{CBE4A068-C954-4F11-9002-1A4B5EAD1F7B}.Debug|Any CPU.ActiveCfg = Debug|Any CPU
		{CBE4A068-C954-4F11-9002-1A4B5EAD1F7B}.Debug|Any CPU.Build.0 = Debug|Any CPU
		{CBE4A068-C954-4F11-9002-1A4B5EAD1F7B}.Release|Any CPU.ActiveCfg = Release|Any CPU
		{CBE4A068-C954-4F11-9002-1A4B5EAD1F7B}.Release|Any CPU.Build.0 = Release|Any CPU
	EndGlobalSection
	GlobalSection(SolutionProperties) = preSolution
		HideSolutionNode = FALSE
	EndGlobalSection
EndGlobal
